# donna.lock — generated by donna build. Commit this file.

[packages.argparse]
git = "https://github.com/donna-lang/argparse"
rev = "9c349b048c831f330ae2e9a84ec7fd91c6418c57"

[packages.parsetoml]
git = "https://github.com/donna-lang/parsetoml"
rev = "8a0eb0b647aea6da9110e221cfd4a413c9926b54"

[packages.markdown]
git = "https://github.com/NikolasSkyl/markdown"
rev = "c18e110aa0c1162b3221e9603e0cd0500973d9a7"

[packages.unittest]
git = "https://github.com/donna-lang/unittest"
rev = "70a296a99257e3ce802c1c9e3e3dcc1add60c841"

[packages.donna]
git = "https://github.com/donna-lang/donna_stdlib"
rev = "0444416ed5f74a0e62c2ca4fe95b5dc2950df679"

